
Microsoft Visual Studio Solution File, Format Version 12.00
# Visual Studio 15
Project("{FAE04EC0-301F-11D3-BF4B-00C04F79EFBC}") = "UnityEngine.TestRunner", "UnityEngine.TestRunner.csproj", "{9C5E8F37-462A-5A8E-099E-F805E8D33FC7}"
EndProject
Project("{FAE04EC0-301F-11D3-BF4B-00C04F79EFBC}") = "Unity.VisualScripting.Flow", "Unity.VisualScripting.Flow.csproj", "{EAD0E40D-9634-93D0-D086-2FA0AEC29643}"
EndProject
Project("{FAE04EC0-301F-11D3-BF4B-00C04F79EFBC}") = "Unity.Mathematics", "Unity.Mathematics.csproj", "{AF54E9B2-1FC3-0E50-54C4-B556710821C3}"
EndProject
Project("{FAE04EC0-301F-11D3-BF4B-00C04F79EFBC}") = "Unity.VisualScripting.State", "Unity.VisualScripting.State.csproj", "{E45FAEB0-E097-D0A3-70C4-27D49A022DF6}"
EndProject
Project("{FAE04EC0-301F-11D3-BF4B-00C04F79EFBC}") = "Unity.VisualScripting.Core", "Unity.VisualScripting.Core.csproj", "{E13BCC02-BF32-A24E-8C4C-CF532D8A0295}"
EndProject
Project("{FAE04EC0-301F-11D3-BF4B-00C04F79EFBC}") = "Unity.2D.Animation.Runtime", "Unity.2D.Animation.Runtime.csproj", "{4516BF26-C297-5C29-4825-E92B7E911338}"
EndProject
Project("{FAE04EC0-301F-11D3-BF4B-00C04F79EFBC}") = "Unity.TextMeshPro", "Unity.TextMeshPro.csproj", "{A588DCDE-BA42-CC55-15D1-74AEF7211373}"
EndProject
Project("{FAE04EC0-301F-11D3-BF4B-00C04F79EFBC}") = "Unity.Timeline", "Unity.Timeline.csproj", "{CDCC1870-4D41-D437-4289-51CEA979E637}"
EndProject
Project("{FAE04EC0-301F-11D3-BF4B-00C04F79EFBC}") = "Unity.Burst", "Unity.Burst.csproj", "{C8A24710-570A-D40F-FD99-A36195502C96}"
EndProject
Project("{FAE04EC0-301F-11D3-BF4B-00C04F79EFBC}") = "Unity.2D.SpriteShape.Runtime", "Unity.2D.SpriteShape.Runtime.csproj", "{1A691F36-38B8-AAE9-A50D-3C74D51500B6}"
EndProject
Project("{FAE04EC0-301F-11D3-BF4B-00C04F79EFBC}") = "Unity.2D.PixelPerfect", "Unity.2D.PixelPerfect.csproj", "{07FB153A-2ED1-0D35-1D1E-C35C52310D45}"
EndProject
Project("{FAE04EC0-301F-11D3-BF4B-00C04F79EFBC}") = "Unity.2D.Common.Runtime", "Unity.2D.Common.Runtime.csproj", "{939E17F3-25D7-C088-49B4-F448A0E74F58}"
EndProject
Project("{FAE04EC0-301F-11D3-BF4B-00C04F79EFBC}") = "Unity.2D.IK.Runtime", "Unity.2D.IK.Runtime.csproj", "{DCFB49B1-9D40-76F4-CEA6-7801C75EF72F}"
EndProject
Project("{FAE04EC0-301F-11D3-BF4B-00C04F79EFBC}") = "Unity.2D.Tilemap.Extras", "Unity.2D.Tilemap.Extras.csproj", "{9F15EAC2-5841-874C-E2DB-7472CCFE191F}"
EndProject
Project("{FAE04EC0-301F-11D3-BF4B-00C04F79EFBC}") = "Unity.InternalAPIEngineBridge.001", "Unity.InternalAPIEngineBridge.001.csproj", "{507EAD5E-9411-14DF-5812-484C542FC122}"
EndProject
Project("{FAE04EC0-301F-11D3-BF4B-00C04F79EFBC}") = "Assembly-CSharp", "Assembly-CSharp.csproj", "{39E66331-B874-9DC9-F2DA-1A059544237C}"
EndProject
Project("{FAE04EC0-301F-11D3-BF4B-00C04F79EFBC}") = "Unity.Recorder", "Unity.Recorder.csproj", "{34E594FE-91E9-404F-AA45-765F9F9E7229}"
EndProject
Project("{FAE04EC0-301F-11D3-BF4B-00C04F79EFBC}") = "Unity.Recorder.Base", "Unity.Recorder.Base.csproj", "{02F6AF9E-F6F7-5579-DD51-94E381207DBF}"
EndProject
Project("{FAE04EC0-301F-11D3-BF4B-00C04F79EFBC}") = "Unity.PlasticSCM.Editor", "Unity.PlasticSCM.Editor.csproj", "{E3AC0B6A-822C-D037-A953-DC490BE8A295}"
EndProject
Project("{FAE04EC0-301F-11D3-BF4B-00C04F79EFBC}") = "Unity.VisualScripting.Core.Editor", "Unity.VisualScripting.Core.Editor.csproj", "{4F1E6E6E-EB5B-1616-20F3-4E44134D9D1D}"
EndProject
Project("{FAE04EC0-301F-11D3-BF4B-00C04F79EFBC}") = "Unity.VisualScripting.Flow.Editor", "Unity.VisualScripting.Flow.Editor.csproj", "{EE9363DD-6302-4E3B-9424-ADFAF3CA5541}"
EndProject
Project("{FAE04EC0-301F-11D3-BF4B-00C04F79EFBC}") = "Unity.2D.Aseprite.Editor", "Unity.2D.Aseprite.Editor.csproj", "{1C361B89-C172-E26C-59A3-2B9482C2FF8D}"
EndProject
Project("{FAE04EC0-301F-11D3-BF4B-00C04F79EFBC}") = "Unity.VisualStudio.Editor", "Unity.VisualStudio.Editor.csproj", "{B2B9B393-31F8-A797-6CB0-753227B5CC86}"
EndProject
Project("{FAE04EC0-301F-11D3-BF4B-00C04F79EFBC}") = "Unity.Timeline.Editor", "Unity.Timeline.Editor.csproj", "{419EDFE0-C0ED-E76B-EE68-2F5502D7FE32}"
EndProject
Project("{FAE04EC0-301F-11D3-BF4B-00C04F79EFBC}") = "Unity.Burst.CodeGen", "Unity.Burst.CodeGen.csproj", "{7A2ED187-92EB-063C-1C21-BA8C03FF04AC}"
EndProject
Project("{FAE04EC0-301F-11D3-BF4B-00C04F79EFBC}") = "Unity.VisualScripting.State.Editor", "Unity.VisualScripting.State.Editor.csproj", "{9BE5559A-09E0-7E41-B99E-C60F9258D54F}"
EndProject
Project("{FAE04EC0-301F-11D3-BF4B-00C04F79EFBC}") = "Unity.TextMeshPro.Editor", "Unity.TextMeshPro.Editor.csproj", "{9B42BD9A-D1D3-DC94-5CFA-3F2D956656F9}"
EndProject
Project("{FAE04EC0-301F-11D3-BF4B-00C04F79EFBC}") = "Unity.Burst.Editor", "Unity.Burst.Editor.csproj", "{9EF63745-C1D1-24EC-D7E7-657A30C6DC83}"
EndProject
Project("{FAE04EC0-301F-11D3-BF4B-00C04F79EFBC}") = "Unity.2D.PixelPerfect.Editor", "Unity.2D.PixelPerfect.Editor.csproj", "{7949553A-5D3B-8043-D7F5-39426EC8F45D}"
EndProject
Project("{FAE04EC0-301F-11D3-BF4B-00C04F79EFBC}") = "Unity.2D.Animation.Editor", "Unity.2D.Animation.Editor.csproj", "{D76B8C60-1038-D246-ADB8-28C64FDEBF43}"
EndProject
Project("{FAE04EC0-301F-11D3-BF4B-00C04F79EFBC}") = "Unity.VisualScripting.SettingsProvider.Editor", "Unity.VisualScripting.SettingsProvider.Editor.csproj", "{530506A3-E272-8398-687D-AFE179E6F811}"
EndProject
Project("{FAE04EC0-301F-11D3-BF4B-00C04F79EFBC}") = "Unity.2D.Psdimporter.Editor", "Unity.2D.Psdimporter.Editor.csproj", "{33F1F692-03B0-D111-36FB-2DECA732274D}"
EndProject
Project("{FAE04EC0-301F-11D3-BF4B-00C04F79EFBC}") = "UnityEditor.TestRunner", "UnityEditor.TestRunner.csproj", "{D96C7C2C-A172-E2F5-2E68-3436E8CC2944}"
EndProject
Project("{FAE04EC0-301F-11D3-BF4B-00C04F79EFBC}") = "Unity.Rider.Editor", "Unity.Rider.Editor.csproj", "{AD5D4F57-88AD-90A8-51FF-B4FA7391664A}"
EndProject
Project("{FAE04EC0-301F-11D3-BF4B-00C04F79EFBC}") = "Unity.2D.Path.Editor", "Unity.2D.Path.Editor.csproj", "{3FA70B3A-3C52-4374-8BF8-D657646B0A00}"
EndProject
Project("{FAE04EC0-301F-11D3-BF4B-00C04F79EFBC}") = "PsdPlugin", "PsdPlugin.csproj", "{7870F172-1DF7-1401-F310-76D71EE7790F}"
EndProject
Project("{FAE04EC0-301F-11D3-BF4B-00C04F79EFBC}") = "Unity.Searcher.Editor", "Unity.Searcher.Editor.csproj", "{3D62FF08-7282-DC97-A26C-E971291DC7A6}"
EndProject
Project("{FAE04EC0-301F-11D3-BF4B-00C04F79EFBC}") = "Unity.2D.IK.Editor", "Unity.2D.IK.Editor.csproj", "{6246CC47-4B03-6BD4-670F-051803C4C257}"
EndProject
Project("{FAE04EC0-301F-11D3-BF4B-00C04F79EFBC}") = "Unity.2D.SpriteShape.Editor", "Unity.2D.SpriteShape.Editor.csproj", "{74692A30-29C4-7CAD-13F7-F30E770E24D3}"
EndProject
Project("{FAE04EC0-301F-11D3-BF4B-00C04F79EFBC}") = "Unity.2D.Common.Editor", "Unity.2D.Common.Editor.csproj", "{970B9D77-08B9-005B-2410-9B1008B229E5}"
EndProject
Project("{FAE04EC0-301F-11D3-BF4B-00C04F79EFBC}") = "Unity.CollabProxy.Editor", "Unity.CollabProxy.Editor.csproj", "{DD81EAB9-E028-8EE9-A1FB-B678318582EF}"
EndProject
Project("{FAE04EC0-301F-11D3-BF4B-00C04F79EFBC}") = "Unity.Mathematics.Editor", "Unity.Mathematics.Editor.csproj", "{3599535E-F30D-83FE-9EAF-378430D2A8BA}"
EndProject
Project("{FAE04EC0-301F-11D3-BF4B-00C04F79EFBC}") = "Unity.InternalAPIEditorBridge.001", "Unity.InternalAPIEditorBridge.001.csproj", "{72DA3204-43F4-0349-E9EF-29C11608D21D}"
EndProject
Project("{FAE04EC0-301F-11D3-BF4B-00C04F79EFBC}") = "Unity.2D.Tilemap.Extras.Editor", "Unity.2D.Tilemap.Extras.Editor.csproj", "{3532E1BA-813C-7E66-218F-B79C62415DB2}"
EndProject
Project("{FAE04EC0-301F-11D3-BF4B-00C04F79EFBC}") = "Unity.VisualScripting.Shared.Editor", "Unity.VisualScripting.Shared.Editor.csproj", "{1EBA0E6B-A989-276F-F661-E54D1CFF5CD4}"
EndProject
Project("{FAE04EC0-301F-11D3-BF4B-00C04F79EFBC}") = "Unity.2D.Aseprite.Common", "Unity.2D.Aseprite.Common.csproj", "{BCB15B06-99FB-E920-3E9A-3F099CA274EA}"
EndProject
Project("{FAE04EC0-301F-11D3-BF4B-00C04F79EFBC}") = "Unity.Recorder.Editor", "Unity.Recorder.Editor.csproj", "{08EDBD87-EEDA-71C6-CEEA-E1061415703B}"
EndProject
Global
	GlobalSection(SolutionConfigurationPlatforms) = preSolution
		Debug|Any CPU = Debug|Any CPU
		Release|Any CPU = Release|Any CPU
	EndGlobalSection
	GlobalSection(ProjectConfigurationPlatforms) = postSolution
		{9C5E8F37-462A-5A8E-099E-F805E8D33FC7}.Debug|Any CPU.ActiveCfg = Debug|Any CPU
		{9C5E8F37-462A-5A8E-099E-F805E8D33FC7}.Debug|Any CPU.Build.0 = Debug|Any CPU
		{9C5E8F37-462A-5A8E-099E-F805E8D33FC7}.Release|Any CPU.ActiveCfg = Release|Any CPU
		{9C5E8F37-462A-5A8E-099E-F805E8D33FC7}.Release|Any CPU.Build.0 = Release|Any CPU
		{EAD0E40D-9634-93D0-D086-2FA0AEC29643}.Debug|Any CPU.ActiveCfg = Debug|Any CPU
		{EAD0E40D-9634-93D0-D086-2FA0AEC29643}.Debug|Any CPU.Build.0 = Debug|Any CPU
		{EAD0E40D-9634-93D0-D086-2FA0AEC29643}.Release|Any CPU.ActiveCfg = Release|Any CPU
		{EAD0E40D-9634-93D0-D086-2FA0AEC29643}.Release|Any CPU.Build.0 = Release|Any CPU
		{AF54E9B2-1FC3-0E50-54C4-B556710821C3}.Debug|Any CPU.ActiveCfg = Debug|Any CPU
		{AF54E9B2-1FC3-0E50-54C4-B556710821C3}.Debug|Any CPU.Build.0 = Debug|Any CPU
		{AF54E9B2-1FC3-0E50-54C4-B556710821C3}.Release|Any CPU.ActiveCfg = Release|Any CPU
		{AF54E9B2-1FC3-0E50-54C4-B556710821C3}.Release|Any CPU.Build.0 = Release|Any CPU
		{E45FAEB0-E097-D0A3-70C4-27D49A022DF6}.Debug|Any CPU.ActiveCfg = Debug|Any CPU
		{E45FAEB0-E097-D0A3-70C4-27D49A022DF6}.Debug|Any CPU.Build.0 = Debug|Any CPU
		{E45FAEB0-E097-D0A3-70C4-27D49A022DF6}.Release|Any CPU.ActiveCfg = Release|Any CPU
		{E45FAEB0-E097-D0A3-70C4-27D49A022DF6}.Release|Any CPU.Build.0 = Release|Any CPU
		{E13BCC02-BF32-A24E-8C4C-CF532D8A0295}.Debug|Any CPU.ActiveCfg = Debug|Any CPU
		{E13BCC02-BF32-A24E-8C4C-CF532D8A0295}.Debug|Any CPU.Build.0 = Debug|Any CPU
		{E13BCC02-BF32-A24E-8C4C-CF532D8A0295}.Release|Any CPU.ActiveCfg = Release|Any CPU
		{E13BCC02-BF32-A24E-8C4C-CF532D8A0295}.Release|Any CPU.Build.0 = Release|Any CPU
		{4516BF26-C297-5C29-4825-E92B7E911338}.Debug|Any CPU.ActiveCfg = Debug|Any CPU
		{4516BF26-C297-5C29-4825-E92B7E911338}.Debug|Any CPU.Build.0 = Debug|Any CPU
		{4516BF26-C297-5C29-4825-E92B7E911338}.Release|Any CPU.ActiveCfg = Release|Any CPU
		{4516BF26-C297-5C29-4825-E92B7E911338}.Release|Any CPU.Build.0 = Release|Any CPU
		{A588DCDE-BA42-CC55-15D1-74AEF7211373}.Debug|Any CPU.ActiveCfg = Debug|Any CPU
		{A588DCDE-BA42-CC55-15D1-74AEF7211373}.Debug|Any CPU.Build.0 = Debug|Any CPU
		{A588DCDE-BA42-CC55-15D1-74AEF7211373}.Release|Any CPU.ActiveCfg = Release|Any CPU
		{A588DCDE-BA42-CC55-15D1-74AEF7211373}.Release|Any CPU.Build.0 = Release|Any CPU
		{CDCC1870-4D41-D437-4289-51CEA979E637}.Debug|Any CPU.ActiveCfg = Debug|Any CPU
		{CDCC1870-4D41-D437-4289-51CEA979E637}.Debug|Any CPU.Build.0 = Debug|Any CPU
		{CDCC1870-4D41-D437-4289-51CEA979E637}.Release|Any CPU.ActiveCfg = Release|Any CPU
		{CDCC1870-4D41-D437-4289-51CEA979E637}.Release|Any CPU.Build.0 = Release|Any CPU
		{C8A24710-570A-D40F-FD99-A36195502C96}.Debug|Any CPU.ActiveCfg = Debug|Any CPU
		{C8A24710-570A-D40F-FD99-A36195502C96}.Debug|Any CPU.Build.0 = Debug|Any CPU
		{C8A24710-570A-D40F-FD99-A36195502C96}.Release|Any CPU.ActiveCfg = Release|Any CPU
		{C8A24710-570A-D40F-FD99-A36195502C96}.Release|Any CPU.Build.0 = Release|Any CPU
		{1A691F36-38B8-AAE9-A50D-3C74D51500B6}.Debug|Any CPU.ActiveCfg = Debug|Any CPU
		{1A691F36-38B8-AAE9-A50D-3C74D51500B6}.Debug|Any CPU.Build.0 = Debug|Any CPU
		{1A691F36-38B8-AAE9-A50D-3C74D51500B6}.Release|Any CPU.ActiveCfg = Release|Any CPU
		{1A691F36-38B8-AAE9-A50D-3C74D51500B6}.Release|Any CPU.Build.0 = Release|Any CPU
		{07FB153A-2ED1-0D35-1D1E-C35C52310D45}.Debug|Any CPU.ActiveCfg = Debug|Any CPU
		{07FB153A-2ED1-0D35-1D1E-C35C52310D45}.Debug|Any CPU.Build.0 = Debug|Any CPU
		{07FB153A-2ED1-0D35-1D1E-C35C52310D45}.Release|Any CPU.ActiveCfg = Release|Any CPU
		{07FB153A-2ED1-0D35-1D1E-C35C52310D45}.Release|Any CPU.Build.0 = Release|Any CPU
		{939E17F3-25D7-C088-49B4-F448A0E74F58}.Debug|Any CPU.ActiveCfg = Debug|Any CPU
		{939E17F3-25D7-C088-49B4-F448A0E74F58}.Debug|Any CPU.Build.0 = Debug|Any CPU
		{939E17F3-25D7-C088-49B4-F448A0E74F58}.Release|Any CPU.ActiveCfg = Release|Any CPU
		{939E17F3-25D7-C088-49B4-F448A0E74F58}.Release|Any CPU.Build.0 = Release|Any CPU
		{DCFB49B1-9D40-76F4-CEA6-7801C75EF72F}.Debug|Any CPU.ActiveCfg = Debug|Any CPU
		{DCFB49B1-9D40-76F4-CEA6-7801C75EF72F}.Debug|Any CPU.Build.0 = Debug|Any CPU
		{DCFB49B1-9D40-76F4-CEA6-7801C75EF72F}.Release|Any CPU.ActiveCfg = Release|Any CPU
		{DCFB49B1-9D40-76F4-CEA6-7801C75EF72F}.Release|Any CPU.Build.0 = Release|Any CPU
		{9F15EAC2-5841-874C-E2DB-7472CCFE191F}.Debug|Any CPU.ActiveCfg = Debug|Any CPU
		{9F15EAC2-5841-874C-E2DB-7472CCFE191F}.Debug|Any CPU.Build.0 = Debug|Any CPU
		{9F15EAC2-5841-874C-E2DB-7472CCFE191F}.Release|Any CPU.ActiveCfg = Release|Any CPU
		{9F15EAC2-5841-874C-E2DB-7472CCFE191F}.Release|Any CPU.Build.0 = Release|Any CPU
		{507EAD5E-9411-14DF-5812-484C542FC122}.Debug|Any CPU.ActiveCfg = Debug|Any CPU
		{507EAD5E-9411-14DF-5812-484C542FC122}.Debug|Any CPU.Build.0 = Debug|Any CPU
		{507EAD5E-9411-14DF-5812-484C542FC122}.Release|Any CPU.ActiveCfg = Release|Any CPU
		{507EAD5E-9411-14DF-5812-484C542FC122}.Release|Any CPU.Build.0 = Release|Any CPU
		{39E66331-B874-9DC9-F2DA-1A059544237C}.Debug|Any CPU.ActiveCfg = Debug|Any CPU
		{39E66331-B874-9DC9-F2DA-1A059544237C}.Debug|Any CPU.Build.0 = Debug|Any CPU
		{39E66331-B874-9DC9-F2DA-1A059544237C}.Release|Any CPU.ActiveCfg = Release|Any CPU
		{39E66331-B874-9DC9-F2DA-1A059544237C}.Release|Any CPU.Build.0 = Release|Any CPU
		{34E594FE-91E9-404F-AA45-765F9F9E7229}.Debug|Any CPU.ActiveCfg = Debug|Any CPU
		{34E594FE-91E9-404F-AA45-765F9F9E7229}.Debug|Any CPU.Build.0 = Debug|Any CPU
		{34E594FE-91E9-404F-AA45-765F9F9E7229}.Release|Any CPU.ActiveCfg = Release|Any CPU
		{34E594FE-91E9-404F-AA45-765F9F9E7229}.Release|Any CPU.Build.0 = Release|Any CPU
		{02F6AF9E-F6F7-5579-DD51-94E381207DBF}.Debug|Any CPU.ActiveCfg = Debug|Any CPU
		{02F6AF9E-F6F7-5579-DD51-94E381207DBF}.Debug|Any CPU.Build.0 = Debug|Any CPU
		{02F6AF9E-F6F7-5579-DD51-94E381207DBF}.Release|Any CPU.ActiveCfg = Release|Any CPU
		{02F6AF9E-F6F7-5579-DD51-94E381207DBF}.Release|Any CPU.Build.0 = Release|Any CPU
		{E3AC0B6A-822C-D037-A953-DC490BE8A295}.Debug|Any CPU.ActiveCfg = Debug|Any CPU
		{E3AC0B6A-822C-D037-A953-DC490BE8A295}.Debug|Any CPU.Build.0 = Debug|Any CPU
		{E3AC0B6A-822C-D037-A953-DC490BE8A295}.Release|Any CPU.ActiveCfg = Release|Any CPU
		{E3AC0B6A-822C-D037-A953-DC490BE8A295}.Release|Any CPU.Build.0 = Release|Any CPU
		{4F1E6E6E-EB5B-1616-20F3-4E44134D9D1D}.Debug|Any CPU.ActiveCfg = Debug|Any CPU
		{4F1E6E6E-EB5B-1616-20F3-4E44134D9D1D}.Debug|Any CPU.Build.0 = Debug|Any CPU
		{4F1E6E6E-EB5B-1616-20F3-4E44134D9D1D}.Release|Any CPU.ActiveCfg = Release|Any CPU
		{4F1E6E6E-EB5B-1616-20F3-4E44134D9D1D}.Release|Any CPU.Build.0 = Release|Any CPU
		{EE9363DD-6302-4E3B-9424-ADFAF3CA5541}.Debug|Any CPU.ActiveCfg = Debug|Any CPU
		{EE9363DD-6302-4E3B-9424-ADFAF3CA5541}.Debug|Any CPU.Build.0 = Debug|Any CPU
		{EE9363DD-6302-4E3B-9424-ADFAF3CA5541}.Release|Any CPU.ActiveCfg = Release|Any CPU
		{EE9363DD-6302-4E3B-9424-ADFAF3CA5541}.Release|Any CPU.Build.0 = Release|Any CPU
		{1C361B89-C172-E26C-59A3-2B9482C2FF8D}.Debug|Any CPU.ActiveCfg = Debug|Any CPU
		{1C361B89-C172-E26C-59A3-2B9482C2FF8D}.Debug|Any CPU.Build.0 = Debug|Any CPU
		{1C361B89-C172-E26C-59A3-2B9482C2FF8D}.Release|Any CPU.ActiveCfg = Release|Any CPU
		{1C361B89-C172-E26C-59A3-2B9482C2FF8D}.Release|Any CPU.Build.0 = Release|Any CPU
		{B2B9B393-31F8-A797-6CB0-753227B5CC86}.Debug|Any CPU.ActiveCfg = Debug|Any CPU
		{B2B9B393-31F8-A797-6CB0-753227B5CC86}.Debug|Any CPU.Build.0 = Debug|Any CPU
		{B2B9B393-31F8-A797-6CB0-753227B5CC86}.Release|Any CPU.ActiveCfg = Release|Any CPU
		{B2B9B393-31F8-A797-6CB0-753227B5CC86}.Release|Any CPU.Build.0 = Release|Any CPU
		{419EDFE0-C0ED-E76B-EE68-2F5502D7FE32}.Debug|Any CPU.ActiveCfg = Debug|Any CPU
		{419EDFE0-C0ED-E76B-EE68-2F5502D7FE32}.Debug|Any CPU.Build.0 = Debug|Any CPU
		{419EDFE0-C0ED-E76B-EE68-2F5502D7FE32}.Release|Any CPU.ActiveCfg = Release|Any CPU
		{419EDFE0-C0ED-E76B-EE68-2F5502D7FE32}.Release|Any CPU.Build.0 = Release|Any CPU
		{7A2ED187-92EB-063C-1C21-BA8C03FF04AC}.Debug|Any CPU.ActiveCfg = Debug|Any CPU
		{7A2ED187-92EB-063C-1C21-BA8C03FF04AC}.Debug|Any CPU.Build.0 = Debug|Any CPU
		{7A2ED187-92EB-063C-1C21-BA8C03FF04AC}.Release|Any CPU.ActiveCfg = Release|Any CPU
		{7A2ED187-92EB-063C-1C21-BA8C03FF04AC}.Release|Any CPU.Build.0 = Release|Any CPU
		{9BE5559A-09E0-7E41-B99E-C60F9258D54F}.Debug|Any CPU.ActiveCfg = Debug|Any CPU
		{9BE5559A-09E0-7E41-B99E-C60F9258D54F}.Debug|Any CPU.Build.0 = Debug|Any CPU
		{9BE5559A-09E0-7E41-B99E-C60F9258D54F}.Release|Any CPU.ActiveCfg = Release|Any CPU
		{9BE5559A-09E0-7E41-B99E-C60F9258D54F}.Release|Any CPU.Build.0 = Release|Any CPU
		{9B42BD9A-D1D3-DC94-5CFA-3F2D956656F9}.Debug|Any CPU.ActiveCfg = Debug|Any CPU
		{9B42BD9A-D1D3-DC94-5CFA-3F2D956656F9}.Debug|Any CPU.Build.0 = Debug|Any CPU
		{9B42BD9A-D1D3-DC94-5CFA-3F2D956656F9}.Release|Any CPU.ActiveCfg = Release|Any CPU
		{9B42BD9A-D1D3-DC94-5CFA-3F2D956656F9}.Release|Any CPU.Build.0 = Release|Any CPU
		{9EF63745-C1D1-24EC-D7E7-657A30C6DC83}.Debug|Any CPU.ActiveCfg = Debug|Any CPU
		{9EF63745-C1D1-24EC-D7E7-657A30C6DC83}.Debug|Any CPU.Build.0 = Debug|Any CPU
		{9EF63745-C1D1-24EC-D7E7-657A30C6DC83}.Release|Any CPU.ActiveCfg = Release|Any CPU
		{9EF63745-C1D1-24EC-D7E7-657A30C6DC83}.Release|Any CPU.Build.0 = Release|Any CPU
		{7949553A-5D3B-8043-D7F5-39426EC8F45D}.Debug|Any CPU.ActiveCfg = Debug|Any CPU
		{7949553A-5D3B-8043-D7F5-39426EC8F45D}.Debug|Any CPU.Build.0 = Debug|Any CPU
		{7949553A-5D3B-8043-D7F5-39426EC8F45D}.Release|Any CPU.ActiveCfg = Release|Any CPU
		{7949553A-5D3B-8043-D7F5-39426EC8F45D}.Release|Any CPU.Build.0 = Release|Any CPU
		{D76B8C60-1038-D246-ADB8-28C64FDEBF43}.Debug|Any CPU.ActiveCfg = Debug|Any CPU
		{D76B8C60-1038-D246-ADB8-28C64FDEBF43}.Debug|Any CPU.Build.0 = Debug|Any CPU
		{D76B8C60-1038-D246-ADB8-28C64FDEBF43}.Release|Any CPU.ActiveCfg = Release|Any CPU
		{D76B8C60-1038-D246-ADB8-28C64FDEBF43}.Release|Any CPU.Build.0 = Release|Any CPU
		{530506A3-E272-8398-687D-AFE179E6F811}.Debug|Any CPU.ActiveCfg = Debug|Any CPU
		{530506A3-E272-8398-687D-AFE179E6F811}.Debug|Any CPU.Build.0 = Debug|Any CPU
		{530506A3-E272-8398-687D-AFE179E6F811}.Release|Any CPU.ActiveCfg = Release|Any CPU
		{530506A3-E272-8398-687D-AFE179E6F811}.Release|Any CPU.Build.0 = Release|Any CPU
		{33F1F692-03B0-D111-36FB-2DECA732274D}.Debug|Any CPU.ActiveCfg = Debug|Any CPU
		{33F1F692-03B0-D111-36FB-2DECA732274D}.Debug|Any CPU.Build.0 = Debug|Any CPU
		{33F1F692-03B0-D111-36FB-2DECA732274D}.Release|Any CPU.ActiveCfg = Release|Any CPU
		{33F1F692-03B0-D111-36FB-2DECA732274D}.Release|Any CPU.Build.0 = Release|Any CPU
		{D96C7C2C-A172-E2F5-2E68-3436E8CC2944}.Debug|Any CPU.ActiveCfg = Debug|Any CPU
		{D96C7C2C-A172-E2F5-2E68-3436E8CC2944}.Debug|Any CPU.Build.0 = Debug|Any CPU
		{D96C7C2C-A172-E2F5-2E68-3436E8CC2944}.Release|Any CPU.ActiveCfg = Release|Any CPU
		{D96C7C2C-A172-E2F5-2E68-3436E8CC2944}.Release|Any CPU.Build.0 = Release|Any CPU
		{AD5D4F57-88AD-90A8-51FF-B4FA7391664A}.Debug|Any CPU.ActiveCfg = Debug|Any CPU
		{AD5D4F57-88AD-90A8-51FF-B4FA7391664A}.Debug|Any CPU.Build.0 = Debug|Any CPU
		{AD5D4F57-88AD-90A8-51FF-B4FA7391664A}.Release|Any CPU.ActiveCfg = Release|Any CPU
		{AD5D4F57-88AD-90A8-51FF-B4FA7391664A}.Release|Any CPU.Build.0 = Release|Any CPU
		{3FA70B3A-3C52-4374-8BF8-D657646B0A00}.Debug|Any CPU.ActiveCfg = Debug|Any CPU
		{3FA70B3A-3C52-4374-8BF8-D657646B0A00}.Debug|Any CPU.Build.0 = Debug|Any CPU
		{3FA70B3A-3C52-4374-8BF8-D657646B0A00}.Release|Any CPU.ActiveCfg = Release|Any CPU
		{3FA70B3A-3C52-4374-8BF8-D657646B0A00}.Release|Any CPU.Build.0 = Release|Any CPU
		{7870F172-1DF7-1401-F310-76D71EE7790F}.Debug|Any CPU.ActiveCfg = Debug|Any CPU
		{7870F172-1DF7-1401-F310-76D71EE7790F}.Debug|Any CPU.Build.0 = Debug|Any CPU
		{7870F172-1DF7-1401-F310-76D71EE7790F}.Release|Any CPU.ActiveCfg = Release|Any CPU
		{7870F172-1DF7-1401-F310-76D71EE7790F}.Release|Any CPU.Build.0 = Release|Any CPU
		{3D62FF08-7282-DC97-A26C-E971291DC7A6}.Debug|Any CPU.ActiveCfg = Debug|Any CPU
		{3D62FF08-7282-DC97-A26C-E971291DC7A6}.Debug|Any CPU.Build.0 = Debug|Any CPU
		{3D62FF08-7282-DC97-A26C-E971291DC7A6}.Release|Any CPU.ActiveCfg = Release|Any CPU
		{3D62FF08-7282-DC97-A26C-E971291DC7A6}.Release|Any CPU.Build.0 = Release|Any CPU
		{6246CC47-4B03-6BD4-670F-051803C4C257}.Debug|Any CPU.ActiveCfg = Debug|Any CPU
		{6246CC47-4B03-6BD4-670F-051803C4C257}.Debug|Any CPU.Build.0 = Debug|Any CPU
		{6246CC47-4B03-6BD4-670F-051803C4C257}.Release|Any CPU.ActiveCfg = Release|Any CPU
		{6246CC47-4B03-6BD4-670F-051803C4C257}.Release|Any CPU.Build.0 = Release|Any CPU
		{74692A30-29C4-7CAD-13F7-F30E770E24D3}.Debug|Any CPU.ActiveCfg = Debug|Any CPU
		{74692A30-29C4-7CAD-13F7-F30E770E24D3}.Debug|Any CPU.Build.0 = Debug|Any CPU
		{74692A30-29C4-7CAD-13F7-F30E770E24D3}.Release|Any CPU.ActiveCfg = Release|Any CPU
		{74692A30-29C4-7CAD-13F7-F30E770E24D3}.Release|Any CPU.Build.0 = Release|Any CPU
		{970B9D77-08B9-005B-2410-9B1008B229E5}.Debug|Any CPU.ActiveCfg = Debug|Any CPU
		{970B9D77-08B9-005B-2410-9B1008B229E5}.Debug|Any CPU.Build.0 = Debug|Any CPU
		{970B9D77-08B9-005B-2410-9B1008B229E5}.Release|Any CPU.ActiveCfg = Release|Any CPU
		{970B9D77-08B9-005B-2410-9B1008B229E5}.Release|Any CPU.Build.0 = Release|Any CPU
		{DD81EAB9-E028-8EE9-A1FB-B678318582EF}.Debug|Any CPU.ActiveCfg = Debug|Any CPU
		{DD81EAB9-E028-8EE9-A1FB-B678318582EF}.Debug|Any CPU.Build.0 = Debug|Any CPU
		{DD81EAB9-E028-8EE9-A1FB-B678318582EF}.Release|Any CPU.ActiveCfg = Release|Any CPU
		{DD81EAB9-E028-8EE9-A1FB-B678318582EF}.Release|Any CPU.Build.0 = Release|Any CPU
		{3599535E-F30D-83FE-9EAF-378430D2A8BA}.Debug|Any CPU.ActiveCfg = Debug|Any CPU
		{3599535E-F30D-83FE-9EAF-378430D2A8BA}.Debug|Any CPU.Build.0 = Debug|Any CPU
		{3599535E-F30D-83FE-9EAF-378430D2A8BA}.Release|Any CPU.ActiveCfg = Release|Any CPU
		{3599535E-F30D-83FE-9EAF-378430D2A8BA}.Release|Any CPU.Build.0 = Release|Any CPU
		{72DA3204-43F4-0349-E9EF-29C11608D21D}.Debug|Any CPU.ActiveCfg = Debug|Any CPU
		{72DA3204-43F4-0349-E9EF-29C11608D21D}.Debug|Any CPU.Build.0 = Debug|Any CPU
		{72DA3204-43F4-0349-E9EF-29C11608D21D}.Release|Any CPU.ActiveCfg = Release|Any CPU
		{72DA3204-43F4-0349-E9EF-29C11608D21D}.Release|Any CPU.Build.0 = Release|Any CPU
		{3532E1BA-813C-7E66-218F-B79C62415DB2}.Debug|Any CPU.ActiveCfg = Debug|Any CPU
		{3532E1BA-813C-7E66-218F-B79C62415DB2}.Debug|Any CPU.Build.0 = Debug|Any CPU
		{3532E1BA-813C-7E66-218F-B79C62415DB2}.Release|Any CPU.ActiveCfg = Release|Any CPU
		{3532E1BA-813C-7E66-218F-B79C62415DB2}.Release|Any CPU.Build.0 = Release|Any CPU
		{1EBA0E6B-A989-276F-F661-E54D1CFF5CD4}.Debug|Any CPU.ActiveCfg = Debug|Any CPU
		{1EBA0E6B-A989-276F-F661-E54D1CFF5CD4}.Debug|Any CPU.Build.0 = Debug|Any CPU
		{1EBA0E6B-A989-276F-F661-E54D1CFF5CD4}.Release|Any CPU.ActiveCfg = Release|Any CPU
		{1EBA0E6B-A989-276F-F661-E54D1CFF5CD4}.Release|Any CPU.Build.0 = Release|Any CPU
		{BCB15B06-99FB-E920-3E9A-3F099CA274EA}.Debug|Any CPU.ActiveCfg = Debug|Any CPU
		{BCB15B06-99FB-E920-3E9A-3F099CA274EA}.Debug|Any CPU.Build.0 = Debug|Any CPU
		{BCB15B06-99FB-E920-3E9A-3F099CA274EA}.Release|Any CPU.ActiveCfg = Release|Any CPU
		{BCB15B06-99FB-E920-3E9A-3F099CA274EA}.Release|Any CPU.Build.0 = Release|Any CPU
		{08EDBD87-EEDA-71C6-CEEA-E1061415703B}.Debug|Any CPU.ActiveCfg = Debug|Any CPU
		{08EDBD87-EEDA-71C6-CEEA-E1061415703B}.Debug|Any CPU.Build.0 = Debug|Any CPU
		{08EDBD87-EEDA-71C6-CEEA-E1061415703B}.Release|Any CPU.ActiveCfg = Release|Any CPU
		{08EDBD87-EEDA-71C6-CEEA-E1061415703B}.Release|Any CPU.Build.0 = Release|Any CPU
	EndGlobalSection
	GlobalSection(SolutionProperties) = preSolution
		HideSolutionNode = FALSE
	EndGlobalSection
EndGlobal
